{
  "name": "ytjproxy",
  "version": "1.0.0",
  "lockfileVersion": 1,
  "requires": true,
  "dependencies": {
    "datasets-fi-postalcodes": {
      "version": "git+https://github.com/theikkila/postinumerot.git#55054c5a6263edc654ec936c93d70b53fd6f9db2",
      "from": "git+https://github.com/theikkila/postinumerot.git"
    }
  }
}
